
Microsoft Visual Studio Solution File, Format Version 12.00
# Visual Studio 2012
Project("{FAE04EC0-301F-11D3-BF4B-00C04F79EFBC}") = "TravellingSalesman", "TravellingSalesman\TravellingSalesman.csproj", "{5DE0E290-0515-4E54-8DAC-83862781F77B}"
EndProject
Global
	GlobalSection(SolutionConfigurationPlatforms) = preSolution
		Debug|Any CPU = Debug|Any CPU
		Release|Any CPU = Release|Any CPU
	EndGlobalSection
	GlobalSection(ProjectConfigurationPlatforms) = postSolution
		{5DE0E290-0515-4E54-8DAC-83862781F77B}.Debug|Any CPU.ActiveCfg = Debug|Any CPU
		{5DE0E290-0515-4E54-8DAC-83862781F77B}.Debug|Any CPU.Build.0 = Debug|Any CPU
		{5DE0E290-0515-4E54-8DAC-83862781F77B}.Release|Any CPU.ActiveCfg = Release|Any CPU
		{5DE0E290-0515-4E54-8DAC-83862781F77B}.Release|Any CPU.Build.0 = Release|Any CPU
	EndGlobalSection
	GlobalSection(SolutionProperties) = preSolution
		HideSolutionNode = FALSE
	EndGlobalSection
EndGlobal
